
Microsoft Visual Studio Solution File, Format Version 12.00
# Visual Studio Version 17
VisualStudioVersion = 17.8.34408.163
MinimumVisualStudioVersion = 10.0.40219.1
Project("{FAE04EC0-301F-11D3-BF4B-00C04F79EFBC}") = "MQTT Parcel Website", "MQTT Parcel Website.csproj", "{7E894EDD-9517-4189-9580-36C095577262}"
EndProject
Global
	GlobalSection(SolutionConfigurationPlatforms) = preSolution
		Debug|Any CPU = Debug|Any CPU
		Release|Any CPU = Release|Any CPU
	EndGlobalSection
	GlobalSection(ProjectConfigurationPlatforms) = postSolution
		{7E894EDD-9517-4189-9580-36C095577262}.Debug|Any CPU.ActiveCfg = Debug|Any CPU
		{7E894EDD-9517-4189-9580-36C095577262}.Debug|Any CPU.Build.0 = Debug|Any CPU
		{7E894EDD-9517-4189-9580-36C095577262}.Release|Any CPU.ActiveCfg = Release|Any CPU
		{7E894EDD-9517-4189-9580-36C095577262}.Release|Any CPU.Build.0 = Release|Any CPU
	EndGlobalSection
	GlobalSection(SolutionProperties) = preSolution
		HideSolutionNode = FALSE
	EndGlobalSection
	GlobalSection(ExtensibilityGlobals) = postSolution
		SolutionGuid = {78AB156A-F223-426F-BF58-80A1F2CB689B}
	EndGlobalSection
EndGlobal
